{
  "name": "tic-tac-toe-kata",
  "version": "1.0.0",
  "lockfileVersion": 1,
  "requires": true,
  "dependencies": {
    "typescript": {
      "version": "4.5.5",
      "resolved": "https://www.myget.org/F/aidacanarias/npm/typescript/-/typescript-4.5.5.tgz",
      "integrity": "sha1-2MlTgy0okkqePTfHPXKchGxYlvM=",
      "dev": true
    }
  }
}
